
Microsoft Visual Studio Solution File, Format Version 12.00
# Visual Studio Version 16
VisualStudioVersion = 16.0.33328.57
MinimumVisualStudioVersion = 10.0.40219.1
Project("{F184B08F-C81C-45F6-A57F-5ABD9991F28F}") = "pruebaEjemploRepositorio", "pruebaEjemploRepositorio.vbproj", "{9859E428-36A9-4306-9109-995B51D013CE}"
EndProject
Global
	GlobalSection(SolutionConfigurationPlatforms) = preSolution
		Debug|Any CPU = Debug|Any CPU
		Release|Any CPU = Release|Any CPU
	EndGlobalSection
	GlobalSection(ProjectConfigurationPlatforms) = postSolution
		{9859E428-36A9-4306-9109-995B51D013CE}.Debug|Any CPU.ActiveCfg = Debug|Any CPU
		{9859E428-36A9-4306-9109-995B51D013CE}.Debug|Any CPU.Build.0 = Debug|Any CPU
		{9859E428-36A9-4306-9109-995B51D013CE}.Release|Any CPU.ActiveCfg = Release|Any CPU
		{9859E428-36A9-4306-9109-995B51D013CE}.Release|Any CPU.Build.0 = Release|Any CPU
	EndGlobalSection
	GlobalSection(SolutionProperties) = preSolution
		HideSolutionNode = FALSE
	EndGlobalSection
	GlobalSection(ExtensibilityGlobals) = postSolution
		SolutionGuid = {7A1F5413-945B-459F-B575-858F0E28760C}
	EndGlobalSection
EndGlobal
